
Microsoft Visual Studio Solution File, Format Version 12.00
# Visual Studio 14
VisualStudioVersion = 14.0.25420.1
MinimumVisualStudioVersion = 10.0.40219.1
Project("{2150E333-8FDC-42A3-9474-1A3956D46DE8}") = "Shared", "Shared", "{5957A0A7-CCA5-4087-908C-7D7BDF49DD07}"
EndProject
Project("{D954291E-2A0B-460D-934E-DC6B0785DB48}") = "ServiceStack-Authentication-Azure-ServiceModel-Shared", "shared\ServiceStack-Authentication-Azure-ServiceModel-Shared\ServiceStack-Authentication-Azure-ServiceModel-Shared.shproj", "{72D9503A-5287-4E10-AF70-09EC02EA25D4}"
EndProject
Project("{D954291E-2A0B-460D-934E-DC6B0785DB48}") = "ServiceStack-Authentication-Azure-Shared", "shared\ServiceStack-Authentication-Azure-Shared\ServiceStack-Authentication-Azure-Shared.shproj", "{9E549D8A-4C7A-4983-B883-2FF0582E6BEC}"
EndProject
Project("{D954291E-2A0B-460D-934E-DC6B0785DB48}") = "ServiceStack-Authentication-Azure-OrmLite", "shared\ServiceStack-Authentication-Azure-OrmLite\ServiceStack-Authentication-Azure-OrmLite.shproj", "{1B4695D7-BCE1-4F92-97FB-EC80D34BDFD5}"
EndProject
Project("{D954291E-2A0B-460D-934E-DC6B0785DB48}") = "ServiceStack-Authentication-Azure-Tests-Shared", "shared\ServiceStack-Authentication-Azure-Tests-Shared\ServiceStack-Authentication-Azure-Tests-Shared.shproj", "{2A885A0A-E1EB-464F-BEB9-EC4CE0518ACC}"
EndProject
Project("{2150E333-8FDC-42A3-9474-1A3956D46DE8}") = "net46", "net46", "{5C09199E-D1E6-4D38-AA89-746047693108}"
EndProject
Project("{FAE04EC0-301F-11D3-BF4B-00C04F79EFBC}") = "ServiceStack.Authentication.Azure.ServiceModel", "net46\ServiceStack.Authentication.Azure.ServiceModel\ServiceStack.Authentication.Azure.ServiceModel.csproj", "{B91645FC-98BD-4A2C-A123-587FB689F24D}"
EndProject
Project("{FAE04EC0-301F-11D3-BF4B-00C04F79EFBC}") = "ServiceStack.Authentication.Azure", "net46\ServiceStack.Authentication.Azure\ServiceStack.Authentication.Azure.csproj", "{1E2A97C3-542A-4AE6-BF09-4DE26F01D935}"
EndProject
Project("{FAE04EC0-301F-11D3-BF4B-00C04F79EFBC}") = "ServiceStack.Authentication.Azure.OrmLite", "net46\ServiceStack.Authentication.Azure.OrmLite\ServiceStack.Authentication.Azure.OrmLite.csproj", "{0577A3CB-FAC3-4CCC-8EC2-9C9343D0B885}"
EndProject
Project("{FAE04EC0-301F-11D3-BF4B-00C04F79EFBC}") = "ServiceStack.Authentication.Azure.Tests", "net46\ServiceStack.Authentication.Azure.Tests\ServiceStack.Authentication.Azure.Tests.csproj", "{E32958B6-339B-4229-A0F9-90AC50061166}"
EndProject
Global
	GlobalSection(SharedMSBuildProjectFiles) = preSolution
		shared\ServiceStack-Authentication-Azure-OrmLite\ServiceStack-Authentication-Azure-OrmLite.projitems*{0577a3cb-fac3-4ccc-8ec2-9c9343d0b885}*SharedItemsImports = 4
		shared\ServiceStack-Authentication-Azure-OrmLite\ServiceStack-Authentication-Azure-OrmLite.projitems*{1b4695d7-bce1-4f92-97fb-ec80d34bdfd5}*SharedItemsImports = 13
		shared\ServiceStack-Authentication-Azure-Shared\ServiceStack-Authentication-Azure-Shared.projitems*{1e2a97c3-542a-4ae6-bf09-4de26f01d935}*SharedItemsImports = 4
		shared\ServiceStack-Authentication-Azure-Tests-Shared\ServiceStack-Authentication-Azure-Tests-Shared.projitems*{2a885a0a-e1eb-464f-beb9-ec4ce0518acc}*SharedItemsImports = 13
		shared\ServiceStack-Authentication-Azure-ServiceModel-Shared\ServiceStack-Authentication-Azure-ServiceModel-Shared.projitems*{72d9503a-5287-4e10-af70-09ec02ea25d4}*SharedItemsImports = 13
		shared\ServiceStack-Authentication-Azure-Shared\ServiceStack-Authentication-Azure-Shared.projitems*{9e549d8a-4c7a-4983-b883-2ff0582e6bec}*SharedItemsImports = 13
		shared\ServiceStack-Authentication-Azure-ServiceModel-Shared\ServiceStack-Authentication-Azure-ServiceModel-Shared.projitems*{b91645fc-98bd-4a2c-a123-587fb689f24d}*SharedItemsImports = 4
		shared\ServiceStack-Authentication-Azure-Tests-Shared\ServiceStack-Authentication-Azure-Tests-Shared.projitems*{e32958b6-339b-4229-a0f9-90ac50061166}*SharedItemsImports = 4
	EndGlobalSection
	GlobalSection(SolutionConfigurationPlatforms) = preSolution
		Debug|Any CPU = Debug|Any CPU
		Release|Any CPU = Release|Any CPU
	EndGlobalSection
	GlobalSection(ProjectConfigurationPlatforms) = postSolution
		{B91645FC-98BD-4A2C-A123-587FB689F24D}.Debug|Any CPU.ActiveCfg = Debug|Any CPU
		{B91645FC-98BD-4A2C-A123-587FB689F24D}.Debug|Any CPU.Build.0 = Debug|Any CPU
		{B91645FC-98BD-4A2C-A123-587FB689F24D}.Release|Any CPU.ActiveCfg = Release|Any CPU
		{B91645FC-98BD-4A2C-A123-587FB689F24D}.Release|Any CPU.Build.0 = Release|Any CPU
		{1E2A97C3-542A-4AE6-BF09-4DE26F01D935}.Debug|Any CPU.ActiveCfg = Debug|Any CPU
		{1E2A97C3-542A-4AE6-BF09-4DE26F01D935}.Debug|Any CPU.Build.0 = Debug|Any CPU
		{1E2A97C3-542A-4AE6-BF09-4DE26F01D935}.Release|Any CPU.ActiveCfg = Release|Any CPU
		{1E2A97C3-542A-4AE6-BF09-4DE26F01D935}.Release|Any CPU.Build.0 = Release|Any CPU
		{0577A3CB-FAC3-4CCC-8EC2-9C9343D0B885}.Debug|Any CPU.ActiveCfg = Debug|Any CPU
		{0577A3CB-FAC3-4CCC-8EC2-9C9343D0B885}.Debug|Any CPU.Build.0 = Debug|Any CPU
		{0577A3CB-FAC3-4CCC-8EC2-9C9343D0B885}.Release|Any CPU.ActiveCfg = Release|Any CPU
		{0577A3CB-FAC3-4CCC-8EC2-9C9343D0B885}.Release|Any CPU.Build.0 = Release|Any CPU
		{E32958B6-339B-4229-A0F9-90AC50061166}.Debug|Any CPU.ActiveCfg = Debug|Any CPU
		{E32958B6-339B-4229-A0F9-90AC50061166}.Debug|Any CPU.Build.0 = Debug|Any CPU
		{E32958B6-339B-4229-A0F9-90AC50061166}.Release|Any CPU.ActiveCfg = Release|Any CPU
		{E32958B6-339B-4229-A0F9-90AC50061166}.Release|Any CPU.Build.0 = Release|Any CPU
	EndGlobalSection
	GlobalSection(SolutionProperties) = preSolution
		HideSolutionNode = FALSE
	EndGlobalSection
	GlobalSection(NestedProjects) = preSolution
		{72D9503A-5287-4E10-AF70-09EC02EA25D4} = {5957A0A7-CCA5-4087-908C-7D7BDF49DD07}
		{9E549D8A-4C7A-4983-B883-2FF0582E6BEC} = {5957A0A7-CCA5-4087-908C-7D7BDF49DD07}
		{1B4695D7-BCE1-4F92-97FB-EC80D34BDFD5} = {5957A0A7-CCA5-4087-908C-7D7BDF49DD07}
		{2A885A0A-E1EB-464F-BEB9-EC4CE0518ACC} = {5957A0A7-CCA5-4087-908C-7D7BDF49DD07}
		{B91645FC-98BD-4A2C-A123-587FB689F24D} = {5C09199E-D1E6-4D38-AA89-746047693108}
		{1E2A97C3-542A-4AE6-BF09-4DE26F01D935} = {5C09199E-D1E6-4D38-AA89-746047693108}
		{0577A3CB-FAC3-4CCC-8EC2-9C9343D0B885} = {5C09199E-D1E6-4D38-AA89-746047693108}
		{E32958B6-339B-4229-A0F9-90AC50061166} = {5C09199E-D1E6-4D38-AA89-746047693108}
	EndGlobalSection
EndGlobal
