
Microsoft Visual Studio Solution File, Format Version 12.00
# Visual Studio 14
VisualStudioVersion = 14.0.25420.1
MinimumVisualStudioVersion = 10.0.40219.1
Project("{2150E333-8FDC-42A3-9474-1A3956D46DE8}") = "net46", "net46", "{5C09199E-D1E6-4D38-AA89-746047693108}"
EndProject
Project("{FAE04EC0-301F-11D3-BF4B-00C04F79EFBC}") = "ServiceStack.Authentication.Azure.ServiceModel", "net46\ServiceStack.Authentication.Azure.ServiceModel\ServiceStack.Authentication.Azure.ServiceModel.csproj", "{B91645FC-98BD-4A2C-A123-587FB689F24D}"
EndProject
Global
	GlobalSection(SolutionConfigurationPlatforms) = preSolution
		Debug|Any CPU = Debug|Any CPU
		Release|Any CPU = Release|Any CPU
	EndGlobalSection
	GlobalSection(ProjectConfigurationPlatforms) = postSolution
		{B91645FC-98BD-4A2C-A123-587FB689F24D}.Debug|Any CPU.ActiveCfg = Debug|Any CPU
		{B91645FC-98BD-4A2C-A123-587FB689F24D}.Debug|Any CPU.Build.0 = Debug|Any CPU
		{B91645FC-98BD-4A2C-A123-587FB689F24D}.Release|Any CPU.ActiveCfg = Release|Any CPU
		{B91645FC-98BD-4A2C-A123-587FB689F24D}.Release|Any CPU.Build.0 = Release|Any CPU
	EndGlobalSection
	GlobalSection(SolutionProperties) = preSolution
		HideSolutionNode = FALSE
	EndGlobalSection
	GlobalSection(NestedProjects) = preSolution
		{B91645FC-98BD-4A2C-A123-587FB689F24D} = {5C09199E-D1E6-4D38-AA89-746047693108}
	EndGlobalSection
EndGlobal
